
Microsoft Visual Studio Solution File, Format Version 12.00
# Visual Studio Version 16
VisualStudioVersion = 16.0.29709.97
MinimumVisualStudioVersion = 10.0.40219.1
Project("{FAE04EC0-301F-11D3-BF4B-00C04F79EFBC}") = "OnlineShoppingStore", "OnlineShoppingStore\OnlineShoppingStore.csproj", "{79FC6FC9-911B-4A6E-A980-740B91080F59}"
EndProject
Global
	GlobalSection(SolutionConfigurationPlatforms) = preSolution
		Debug|Any CPU = Debug|Any CPU
		Release|Any CPU = Release|Any CPU
	EndGlobalSection
	GlobalSection(ProjectConfigurationPlatforms) = postSolution
		{79FC6FC9-911B-4A6E-A980-740B91080F59}.Debug|Any CPU.ActiveCfg = Debug|Any CPU
		{79FC6FC9-911B-4A6E-A980-740B91080F59}.Debug|Any CPU.Build.0 = Debug|Any CPU
		{79FC6FC9-911B-4A6E-A980-740B91080F59}.Release|Any CPU.ActiveCfg = Release|Any CPU
		{79FC6FC9-911B-4A6E-A980-740B91080F59}.Release|Any CPU.Build.0 = Release|Any CPU
	EndGlobalSection
	GlobalSection(SolutionProperties) = preSolution
		HideSolutionNode = FALSE
	EndGlobalSection
	GlobalSection(ExtensibilityGlobals) = postSolution
		SolutionGuid = {AC25E2EE-F44A-4191-BAEC-47FAC58AB326}
	EndGlobalSection
EndGlobal
